{
  "name": "react-scaffolding",
  "version": "0.0.1",
  "lockfileVersion": 2,
  "requires": true,
  "packages": {
    "": {
      "version": "0.0.1",
      "license": "MIT",
      "devDependencies": {
        "typescript": "^4.9.0-dev.20220824"
      }
    },
    "node_modules/typescript": {
      "version": "4.9.0-dev.20220824",
      "resolved": "https://domoreexp.pkgs.visualstudio.com/_packaging/npm-mirror/npm/registry/typescript/-/typescript-4.9.0-dev.20220824.tgz",
      "integrity": "sha1-/6IcAAXjbW8qQ5ju5cPJIIutQeU=",
      "dev": true,
      "license": "Apache-2.0",
      "bin": {
        "tsc": "bin/tsc",
        "tsserver": "bin/tsserver"
      },
      "engines": {
        "node": ">=4.2.0"
      }
    }
  },
  "dependencies": {
    "typescript": {
      "version": "4.9.0-dev.20220824",
      "resolved": "https://domoreexp.pkgs.visualstudio.com/_packaging/npm-mirror/npm/registry/typescript/-/typescript-4.9.0-dev.20220824.tgz",
      "integrity": "sha1-/6IcAAXjbW8qQ5ju5cPJIIutQeU=",
      "dev": true
    }
  }
}
